
Microsoft Visual Studio Solution File, Format Version 12.00
# Visual Studio Version 16
VisualStudioVersion = 16.0.30611.23
MinimumVisualStudioVersion = 10.0.40219.1
Project("{FAE04EC0-301F-11D3-BF4B-00C04F79EFBC}") = "WpfApp1", "WpfApp1\WpfApp1.csproj", "{228FBD00-50B7-47B2-82DB-6D4C06EDE983}"
EndProject
Project("{FAE04EC0-301F-11D3-BF4B-00C04F79EFBC}") = "WpfApp2", "WpfApp2\WpfApp2.csproj", "{A5A21CEF-E57F-479F-BC22-6C662748B907}"
EndProject
Global
	GlobalSection(SolutionConfigurationPlatforms) = preSolution
		Debug|Any CPU = Debug|Any CPU
		Release|Any CPU = Release|Any CPU
	EndGlobalSection
	GlobalSection(ProjectConfigurationPlatforms) = postSolution
		{228FBD00-50B7-47B2-82DB-6D4C06EDE983}.Debug|Any CPU.ActiveCfg = Debug|Any CPU
		{228FBD00-50B7-47B2-82DB-6D4C06EDE983}.Debug|Any CPU.Build.0 = Debug|Any CPU
		{228FBD00-50B7-47B2-82DB-6D4C06EDE983}.Release|Any CPU.ActiveCfg = Release|Any CPU
		{228FBD00-50B7-47B2-82DB-6D4C06EDE983}.Release|Any CPU.Build.0 = Release|Any CPU
		{A5A21CEF-E57F-479F-BC22-6C662748B907}.Debug|Any CPU.ActiveCfg = Debug|Any CPU
		{A5A21CEF-E57F-479F-BC22-6C662748B907}.Debug|Any CPU.Build.0 = Debug|Any CPU
		{A5A21CEF-E57F-479F-BC22-6C662748B907}.Release|Any CPU.ActiveCfg = Release|Any CPU
		{A5A21CEF-E57F-479F-BC22-6C662748B907}.Release|Any CPU.Build.0 = Release|Any CPU
	EndGlobalSection
	GlobalSection(SolutionProperties) = preSolution
		HideSolutionNode = FALSE
	EndGlobalSection
	GlobalSection(ExtensibilityGlobals) = postSolution
		SolutionGuid = {5552D3F4-3786-432B-9304-BB3A306A9BB2}
	EndGlobalSection
EndGlobal
